github.com/jim-collier/shcl/source/go/v2 v2.0.0 h1:jfHFipn/h5seFCYj3EBLdBsV7NJxJKonNdiFdA4kYuQ=
github.com/jim-collier/shcl/source/go/v2 v2.0.0/go.mod h1:A4/dewqlAvr+OcaRSFOe4u8lIWz2p0Ejm6p62ydk1lk=
github.com/yottacore/shcl/source/go/v2 v2.0.0-20261001214152-b10c2009d36c h1:SUeWXc89V4OXFVrcST7uNZ6b9GXbIAeJWNKCpBVlxvE=
github.com/yottacore/shcl/source/go/v2 v2.0.0-20261001214152-b10c2009d36c/go.mod h1:TnVarSv7dAVgSbrJRlgPS3w8RPTUmiqlHdD78Yll3yY=
